{
  "version": "3",
  "remote": {
    "https://deno.land/std@0.186.0/async/deferred.ts": "42790112f36a75a57db4a96d33974a936deb7b04d25c6084a9fa8a49f135def8",
    "https://deno.land/std@0.188.0/_util/asserts.ts": "178dfc49a464aee693a7e285567b3d0b555dc805ff490505a8aae34f9cfb1462",
    "https://deno.land/std@0.188.0/_util/os.ts": "d932f56d41e4f6a6093d56044e29ce637f8dcc43c5a90af43504a889cf1775e3",
    "https://deno.land/std@0.188.0/fs/_util.ts": "579038bebc3bd35c43a6a7766f7d91fbacdf44bc03468e9d3134297bb99ed4f9",
    "https://deno.land/std@0.188.0/fs/copy.ts": "14214efd94fc3aa6db1e4af2b4b9578e50f7362b7f3725d5a14ad259a5df26c8",
    "https://deno.land/std@0.188.0/fs/empty_dir.ts": "c3d2da4c7352fab1cf144a1ecfef58090769e8af633678e0f3fabaef98594688",
    "https://deno.land/std@0.188.0/fs/ensure_dir.ts": "dc64c4c75c64721d4e3fb681f1382f803ff3d2868f08563ff923fdd20d071c40",
    "https://deno.land/std@0.188.0/fs/ensure_file.ts": "c38602670bfaf259d86ca824a94e6cb9e5eb73757fefa4ebf43a90dd017d53d9",
    "https://deno.land/std@0.188.0/fs/ensure_link.ts": "c0f5b2f0ec094ed52b9128eccb1ee23362a617457aa0f699b145d4883f5b2fb4",
    "https://deno.land/std@0.188.0/fs/ensure_symlink.ts": "5006ab2f458159c56d689b53b1e48d57e05eeb1eaf64e677f7f76a30bc4fdba1",
    "https://deno.land/std@0.188.0/fs/eol.ts": "f1f2eb348a750c34500741987b21d65607f352cf7205f48f4319d417fff42842",
    "https://deno.land/std@0.188.0/fs/exists.ts": "29c26bca8584a22876be7cb8844f1b6c8fc35e9af514576b78f5c6884d7ed02d",
    "https://deno.land/std@0.188.0/fs/expand_glob.ts": "e4f56259a0a70fe23f05215b00de3ac5e6ba46646ab2a06ebbe9b010f81c972a",
    "https://deno.land/std@0.188.0/fs/mod.ts": "bc3d0acd488cc7b42627044caf47d72019846d459279544e1934418955ba4898",
    "https://deno.land/std@0.188.0/fs/move.ts": "b4f8f46730b40c32ea3c0bc8eb0fd0e8139249a698883c7b3756424cf19785c9",
    "https://deno.land/std@0.188.0/fs/walk.ts": "920be35a7376db6c0b5b1caf1486fb962925e38c9825f90367f8f26b5e5d0897",
    "https://deno.land/std@0.188.0/path/_constants.ts": "e49961f6f4f48039c0dfed3c3f93e963ca3d92791c9d478ac5b43183413136e0",
    "https://deno.land/std@0.188.0/path/_interface.ts": "6471159dfbbc357e03882c2266d21ef9afdb1e4aa771b0545e90db58a0ba314b",
    "https://deno.land/std@0.188.0/path/_util.ts": "d7abb1e0dea065f427b89156e28cdeb32b045870acdf865833ba808a73b576d0",
    "https://deno.land/std@0.188.0/path/common.ts": "ee7505ab01fd22de3963b64e46cff31f40de34f9f8de1fff6a1bd2fe79380000",
    "https://deno.land/std@0.188.0/path/glob.ts": "d479e0a695621c94d3fd7fe7abd4f9499caf32a8de13f25073451c6ef420a4e1",
    "https://deno.land/std@0.188.0/path/mod.ts": "ee161baec5ded6510ee1d1fb6a75a0f5e4b41f3f3301c92c716ecbdf7dae910d",
    "https://deno.land/std@0.188.0/path/posix.ts": "8b7c67ac338714b30c816079303d0285dd24af6b284f7ad63da5b27372a2c94d",
    "https://deno.land/std@0.188.0/path/separator.ts": "0fb679739d0d1d7bf45b68dacfb4ec7563597a902edbaf3c59b50d5bcadd93b1",
    "https://deno.land/std@0.188.0/path/win32.ts": "d186344e5583bcbf8b18af416d13d82b35a317116e6460a5a3953508c3de5bba",
    "https://deno.land/std@0.188.0/semver/mod.ts": "200f50cf6872212667df532fb09f0b1a33d3427a5201f75fad30a0d0c6dbcce3",
    "https://deno.land/std@0.191.0/_util/asserts.ts": "178dfc49a464aee693a7e285567b3d0b555dc805ff490505a8aae34f9cfb1462",
    "https://deno.land/std@0.191.0/_util/os.ts": "d932f56d41e4f6a6093d56044e29ce637f8dcc43c5a90af43504a889cf1775e3",
    "https://deno.land/std@0.191.0/bytes/bytes_list.ts": "31d664f4d42fa922066405d0e421c56da89d751886ee77bbe25a88bf0310c9d0",
    "https://deno.land/std@0.191.0/bytes/concat.ts": "d26d6f3d7922e6d663dacfcd357563b7bf4a380ce5b9c2bbe0c8586662f25ce2",
    "https://deno.land/std@0.191.0/bytes/copy.ts": "939d89e302a9761dcf1d9c937c7711174ed74c59eef40a1e4569a05c9de88219",
    "https://deno.land/std@0.191.0/fmt/printf.ts": "e5b426cd6ad13df5d408e9c375c025d59de30e380c5534715bd892df874ab057",
    "https://deno.land/std@0.191.0/fs/_util.ts": "fbf57dcdc9f7bc8128d60301eece608246971a7836a3bb1e78da75314f08b978",
    "https://deno.land/std@0.191.0/fs/copy.ts": "14214efd94fc3aa6db1e4af2b4b9578e50f7362b7f3725d5a14ad259a5df26c8",
    "https://deno.land/std@0.191.0/fs/empty_dir.ts": "c3d2da4c7352fab1cf144a1ecfef58090769e8af633678e0f3fabaef98594688",
    "https://deno.land/std@0.191.0/fs/ensure_dir.ts": "dc64c4c75c64721d4e3fb681f1382f803ff3d2868f08563ff923fdd20d071c40",
    "https://deno.land/std@0.191.0/fs/ensure_file.ts": "c38602670bfaf259d86ca824a94e6cb9e5eb73757fefa4ebf43a90dd017d53d9",
    "https://deno.land/std@0.191.0/fs/ensure_link.ts": "c0f5b2f0ec094ed52b9128eccb1ee23362a617457aa0f699b145d4883f5b2fb4",
    "https://deno.land/std@0.191.0/fs/ensure_symlink.ts": "5006ab2f458159c56d689b53b1e48d57e05eeb1eaf64e677f7f76a30bc4fdba1",
    "https://deno.land/std@0.191.0/fs/eol.ts": "f1f2eb348a750c34500741987b21d65607f352cf7205f48f4319d417fff42842",
    "https://deno.land/std@0.191.0/fs/exists.ts": "29c26bca8584a22876be7cb8844f1b6c8fc35e9af514576b78f5c6884d7ed02d",
    "https://deno.land/std@0.191.0/fs/expand_glob.ts": "e4f56259a0a70fe23f05215b00de3ac5e6ba46646ab2a06ebbe9b010f81c972a",
    "https://deno.land/std@0.191.0/fs/mod.ts": "bc3d0acd488cc7b42627044caf47d72019846d459279544e1934418955ba4898",
    "https://deno.land/std@0.191.0/fs/move.ts": "b4f8f46730b40c32ea3c0bc8eb0fd0e8139249a698883c7b3756424cf19785c9",
    "https://deno.land/std@0.191.0/fs/walk.ts": "920be35a7376db6c0b5b1caf1486fb962925e38c9825f90367f8f26b5e5d0897",
    "https://deno.land/std@0.191.0/io/buf_reader.ts": "06fff3337091c49e99ebd2dd790c9a90364c087a2953ea081667400fd6c6cebb",
    "https://deno.land/std@0.191.0/io/buf_writer.ts": "48c33c8f00b61dcbc7958706741cec8e59810bd307bc6a326cbd474fe8346dfd",
    "https://deno.land/std@0.191.0/io/buffer.ts": "17f4410eaaa60a8a85733e8891349a619eadfbbe42e2f319283ce2b8f29723ab",
    "https://deno.land/std@0.191.0/io/copy_n.ts": "0cc7ce07c75130f6fc18621ec1911c36e147eb9570664fee0ea12b1988167590",
    "https://deno.land/std@0.191.0/io/limited_reader.ts": "6c9a216f8eef39c1ee2a6b37a29372c8fc63455b2eeb91f06d9646f8f759fc8b",
    "https://deno.land/std@0.191.0/io/mod.ts": "2665bcccc1fd6e8627cca167c3e92aaecbd9897556b6f69e6d258070ef63fd9b",
    "https://deno.land/std@0.191.0/io/multi_reader.ts": "9c2a0a31686c44b277e16da1d97b4686a986edcee48409b84be25eedbc39b271",
    "https://deno.land/std@0.191.0/io/read_delim.ts": "c02b93cc546ae8caad8682ae270863e7ace6daec24c1eddd6faabc95a9d876a3",
    "https://deno.land/std@0.191.0/io/read_int.ts": "7cb8bcdfaf1107586c3bacc583d11c64c060196cb070bb13ae8c2061404f911f",
    "https://deno.land/std@0.191.0/io/read_lines.ts": "c526c12a20a9386dc910d500f9cdea43cba974e853397790bd146817a7eef8cc",
    "https://deno.land/std@0.191.0/io/read_long.ts": "f0aaa420e3da1261c5d33c5e729f09922f3d9fa49f046258d4ff7a00d800c71e",
    "https://deno.land/std@0.191.0/io/read_range.ts": "28152daf32e43dd9f7d41d8466852b0d18ad766cd5c4334c91fef6e1b3a74eb5",
    "https://deno.land/std@0.191.0/io/read_short.ts": "805cb329574b850b84bf14a92c052c59b5977a492cd780c41df8ad40826c1a20",
    "https://deno.land/std@0.191.0/io/read_string_delim.ts": "5dc9f53bdf78e7d4ee1e56b9b60352238ab236a71c3e3b2a713c3d78472a53ce",
    "https://deno.land/std@0.191.0/io/slice_long_to_bytes.ts": "48d9bace92684e880e46aa4a2520fc3867f9d7ce212055f76ecc11b22f9644b7",
    "https://deno.land/std@0.191.0/io/string_reader.ts": "da0f68251b3d5b5112485dfd4d1b1936135c9b4d921182a7edaf47f74c25cc8f",
    "https://deno.land/std@0.191.0/io/string_writer.ts": "8a03c5858c24965a54c6538bed15f32a7c72f5704a12bda56f83a40e28e5433e",
    "https://deno.land/std@0.191.0/path/_constants.ts": "e49961f6f4f48039c0dfed3c3f93e963ca3d92791c9d478ac5b43183413136e0",
    "https://deno.land/std@0.191.0/path/_interface.ts": "6471159dfbbc357e03882c2266d21ef9afdb1e4aa771b0545e90db58a0ba314b",
    "https://deno.land/std@0.191.0/path/_util.ts": "d7abb1e0dea065f427b89156e28cdeb32b045870acdf865833ba808a73b576d0",
    "https://deno.land/std@0.191.0/path/common.ts": "ee7505ab01fd22de3963b64e46cff31f40de34f9f8de1fff6a1bd2fe79380000",
    "https://deno.land/std@0.191.0/path/glob.ts": "d479e0a695621c94d3fd7fe7abd4f9499caf32a8de13f25073451c6ef420a4e1",
    "https://deno.land/std@0.191.0/path/mod.ts": "f065032a7189404fdac3ad1a1551a9ac84751d2f25c431e101787846c86c79ef",
    "https://deno.land/std@0.191.0/path/posix.ts": "8b7c67ac338714b30c816079303d0285dd24af6b284f7ad63da5b27372a2c94d",
    "https://deno.land/std@0.191.0/path/separator.ts": "0fb679739d0d1d7bf45b68dacfb4ec7563597a902edbaf3c59b50d5bcadd93b1",
    "https://deno.land/std@0.191.0/path/win32.ts": "d186344e5583bcbf8b18af416d13d82b35a317116e6460a5a3953508c3de5bba",
    "https://deno.land/std@0.192.0/_util/asserts.ts": "178dfc49a464aee693a7e285567b3d0b555dc805ff490505a8aae34f9cfb1462",
    "https://deno.land/std@0.192.0/_util/os.ts": "d932f56d41e4f6a6093d56044e29ce637f8dcc43c5a90af43504a889cf1775e3",
    "https://deno.land/std@0.192.0/fs/_util.ts": "fbf57dcdc9f7bc8128d60301eece608246971a7836a3bb1e78da75314f08b978",
    "https://deno.land/std@0.192.0/fs/copy.ts": "14214efd94fc3aa6db1e4af2b4b9578e50f7362b7f3725d5a14ad259a5df26c8",
    "https://deno.land/std@0.192.0/fs/empty_dir.ts": "c3d2da4c7352fab1cf144a1ecfef58090769e8af633678e0f3fabaef98594688",
    "https://deno.land/std@0.192.0/fs/ensure_dir.ts": "dc64c4c75c64721d4e3fb681f1382f803ff3d2868f08563ff923fdd20d071c40",
    "https://deno.land/std@0.192.0/fs/ensure_file.ts": "c38602670bfaf259d86ca824a94e6cb9e5eb73757fefa4ebf43a90dd017d53d9",
    "https://deno.land/std@0.192.0/fs/ensure_link.ts": "c0f5b2f0ec094ed52b9128eccb1ee23362a617457aa0f699b145d4883f5b2fb4",
    "https://deno.land/std@0.192.0/fs/ensure_symlink.ts": "5006ab2f458159c56d689b53b1e48d57e05eeb1eaf64e677f7f76a30bc4fdba1",
    "https://deno.land/std@0.192.0/fs/eol.ts": "f1f2eb348a750c34500741987b21d65607f352cf7205f48f4319d417fff42842",
    "https://deno.land/std@0.192.0/fs/exists.ts": "29c26bca8584a22876be7cb8844f1b6c8fc35e9af514576b78f5c6884d7ed02d",
    "https://deno.land/std@0.192.0/fs/expand_glob.ts": "e4f56259a0a70fe23f05215b00de3ac5e6ba46646ab2a06ebbe9b010f81c972a",
    "https://deno.land/std@0.192.0/fs/mod.ts": "bc3d0acd488cc7b42627044caf47d72019846d459279544e1934418955ba4898",
    "https://deno.land/std@0.192.0/fs/move.ts": "b4f8f46730b40c32ea3c0bc8eb0fd0e8139249a698883c7b3756424cf19785c9",
    "https://deno.land/std@0.192.0/fs/walk.ts": "920be35a7376db6c0b5b1caf1486fb962925e38c9825f90367f8f26b5e5d0897",
    "https://deno.land/std@0.192.0/path/_constants.ts": "e49961f6f4f48039c0dfed3c3f93e963ca3d92791c9d478ac5b43183413136e0",
    "https://deno.land/std@0.192.0/path/_interface.ts": "6471159dfbbc357e03882c2266d21ef9afdb1e4aa771b0545e90db58a0ba314b",
    "https://deno.land/std@0.192.0/path/_util.ts": "d7abb1e0dea065f427b89156e28cdeb32b045870acdf865833ba808a73b576d0",
    "https://deno.land/std@0.192.0/path/common.ts": "ee7505ab01fd22de3963b64e46cff31f40de34f9f8de1fff6a1bd2fe79380000",
    "https://deno.land/std@0.192.0/path/glob.ts": "d479e0a695621c94d3fd7fe7abd4f9499caf32a8de13f25073451c6ef420a4e1",
    "https://deno.land/std@0.192.0/path/mod.ts": "f065032a7189404fdac3ad1a1551a9ac84751d2f25c431e101787846c86c79ef",
    "https://deno.land/std@0.192.0/path/posix.ts": "8b7c67ac338714b30c816079303d0285dd24af6b284f7ad63da5b27372a2c94d",
    "https://deno.land/std@0.192.0/path/separator.ts": "0fb679739d0d1d7bf45b68dacfb4ec7563597a902edbaf3c59b50d5bcadd93b1",
    "https://deno.land/std@0.192.0/path/win32.ts": "d186344e5583bcbf8b18af416d13d82b35a317116e6460a5a3953508c3de5bba",
    "https://deno.land/std@0.192.0/semver/_shared.ts": "7101b4118e96b8c7b600d54a8455d93afd96eaf43a69a3bff34513890ac264ae",
    "https://deno.land/std@0.192.0/semver/cmp.ts": "4faca58ad459a8c7663ac84ed8410fb5cf932042969f5c25d285f319456d55c1",
    "https://deno.land/std@0.192.0/semver/comparator_format.ts": "329e05d914c064590ded4801fc601bf1c5d0f461c5524b1578e10f180551ef6f",
    "https://deno.land/std@0.192.0/semver/comparator_intersects.ts": "61920121a6c1600306dbcf8944c4cc55e45c3a1bdbefe41b79a0884bf02d9e1b",
    "https://deno.land/std@0.192.0/semver/comparator_max.ts": "f4cc5f528abd8aab68c66bbead732e3c59102b13a318cd8e4f8a47aa3debec76",
    "https://deno.land/std@0.192.0/semver/comparator_min.ts": "eea382428ebf0c50168f780898df8519c88da5a10d1f8babbfebdc89fb75942e",
    "https://deno.land/std@0.192.0/semver/compare.ts": "503bb7b0ca67b722a0a8a5570486c20eb27ed9bc2316f25699fbd6317a3233ac",
    "https://deno.land/std@0.192.0/semver/compare_build.ts": "dc315387ffba691206be83bb4195dff23af6df9983cf8dfb91c29e3f62b9bdca",
    "https://deno.land/std@0.192.0/semver/constants.ts": "bb0c7652c433c7ec1dad5bf18c7e7e1557efe9ddfd5e70aa6305153e76dc318c",
    "https://deno.land/std@0.192.0/semver/difference.ts": "b86b72f75308c0ab78a41bc676bdca0d933d75e0be8b06dafdc393689e70497f",
    "https://deno.land/std@0.192.0/semver/eq.ts": "b8fc7184507423a2448f4b052fc4d9090bf316807b3c9c930afc3775d7a3f3a5",
    "https://deno.land/std@0.192.0/semver/format.ts": "236cc8b5d2e8031258dcff3ca89e14ba926434d5b789730e2c781db172e76bd9",
    "https://deno.land/std@0.192.0/semver/gt.ts": "2f20b21456179b3ac034656a09b5c259bf52dc2626a941ca038be5d201c415be",
    "https://deno.land/std@0.192.0/semver/gte.ts": "d1ed0195a2b38ef0df586374eac4ad860d3b7e181ec1683e734912ce795aaddb",
    "https://deno.land/std@0.192.0/semver/gtr.ts": "b0442acf1d52ceb337ec4f82afaa0da3b5251a9a08f4f0b8839ca4629d617078",
    "https://deno.land/std@0.192.0/semver/increment.ts": "e41ffc906ea1d57e66987aa1b18ba1d0223d6fb0cd806448d012e4f8117e8513",
    "https://deno.land/std@0.192.0/semver/is_semver.ts": "b21011d2afea366576bd283705df7515e8c85f5d03015aca83bc5a721f0cf344",
    "https://deno.land/std@0.192.0/semver/is_semver_comparator.ts": "120ad68896e3481dbcda81ddd914c10d3fc891fe62cc99028cb69ebfa6c1427c",
    "https://deno.land/std@0.192.0/semver/is_semver_range.ts": "0ea096e1edcb8e95200d3bee549c97b53e93ac60d4c2b3601ad7a01f27a0f4da",
    "https://deno.land/std@0.192.0/semver/lt.ts": "c8711ffa1c40a3f98921b9bf0d80b59970d8cbc0a12696ebccacf6bccfa9dcc8",
    "https://deno.land/std@0.192.0/semver/lte.ts": "721e5f9d353ecea757c1d5d42f4f6699d46cd24cdbd45b2bf88efdf82c0eaac4",
    "https://deno.land/std@0.192.0/semver/ltr.ts": "2a10f426605408adcb6cb62e65e871eb6b235d74cbcc2160e58207751e7ca11d",
    "https://deno.land/std@0.192.0/semver/max_satisfying.ts": "a8c550100582a9ad2f68026edef8a5ed09debbda0a65d28dceea302508aee41a",
    "https://deno.land/std@0.192.0/semver/min_satisfying.ts": "04331cc956f55bc6d14f911ff2561dbab81e1218bfe6a080fe520b999e33e693",
    "https://deno.land/std@0.192.0/semver/mod.ts": "79eaeb8015f3f34a34b1e2a98f524dbd5a9a5d7fa1d977cdfc5d6157965e8920",
    "https://deno.land/std@0.192.0/semver/neq.ts": "c4116ac01149c4c090bdb5da2bbf946d1f9d74634c97486f3d7e55e75bb35bb0",
    "https://deno.land/std@0.192.0/semver/outside.ts": "3ca074513c6f5ac4b3e9c0eda2deb3a83cdfcecc589f1ec69786d41f47885a89",
    "https://deno.land/std@0.192.0/semver/parse.ts": "190dab1b5231da1fa6ec40567f58550209e7304dcb655fd8ae46eb7c2966a82b",
    "https://deno.land/std@0.192.0/semver/parse_comparator.ts": "f07f9be8322b1f61a36b94c3c65a0dc4124958ee54cf744c92ca4028bf156d5e",
    "https://deno.land/std@0.192.0/semver/parse_range.ts": "39a18608a8026004b218ef383e7ae624a9e663b82327948c1810f16d875113c2",
    "https://deno.land/std@0.192.0/semver/range_format.ts": "3de31fd0b74dd565e052840e73a8e9ee1d9d289ca60b85749167710b978cc078",
    "https://deno.land/std@0.192.0/semver/range_intersects.ts": "e646300d9a10868ae51dc70399c1eee31a503f24610506146eadbeac6bcc6777",
    "https://deno.land/std@0.192.0/semver/range_max.ts": "9c10c65bbc7796347ce6f765a77865cead88870d17481ac78259400a2378af2e",
    "https://deno.land/std@0.192.0/semver/range_min.ts": "b7849e70e0b0677b382eddaa822b6690521449a659c5b8ec84cbd438f6e6ca59",
    "https://deno.land/std@0.192.0/semver/rcompare.ts": "fe4e95bf671bd119df89bc4dd9ceb3fdcc95bad543a78fa3b8ae67ce6b54bc03",
    "https://deno.land/std@0.192.0/semver/rsort.ts": "d4bfa2b9fffa6e1afddeead68c7cb470ed932b3846acf45eccde2b46be021644",
    "https://deno.land/std@0.192.0/semver/sort.ts": "301d18f7f96f9e46bb6d0327d3d97579fa2d49558c185a0a5035b8e6fbd4a73b",
    "https://deno.land/std@0.192.0/semver/test_comparator.ts": "eff5394cb82d133ed18f96fe547de7e7264bf0d25d16cbc6126664aa06ef8f37",
    "https://deno.land/std@0.192.0/semver/test_range.ts": "b236c276268e92bbbc65e7c4b4b6b685ea6b4534a71b2525b53093d094f631c6",
    "https://deno.land/std@0.192.0/semver/try_parse.ts": "fc7eeafc18686563b0cc35b518eda57690e513e634527a0ff48c600ba7798ce4",
    "https://deno.land/std@0.192.0/semver/try_parse_range.ts": "49be2271c4c07374fc2d986d5212fab7bb1f49daa485141e9bedd78d851ca5ca",
    "https://deno.land/std@0.192.0/semver/types.ts": "d44f442c2f27dd89bd6695b369e310b80549746f03c38f241fe28a83b33dd429",
    "https://deno.land/std@0.204.0/assert/assert.ts": "9a97dad6d98c238938e7540736b826440ad8c1c1e54430ca4c4e623e585607ee",
    "https://deno.land/std@0.204.0/assert/assertion_error.ts": "4d0bde9b374dfbcbe8ac23f54f567b77024fb67dbb1906a852d67fe050d42f56",
    "https://deno.land/std@0.204.0/async/deferred.ts": "42790112f36a75a57db4a96d33974a936deb7b04d25c6084a9fa8a49f135def8",
    "https://deno.land/std@0.204.0/bytes/concat.ts": "d26d6f3d7922e6d663dacfcd357563b7bf4a380ce5b9c2bbe0c8586662f25ce2",
    "https://deno.land/std@0.204.0/bytes/copy.ts": "939d89e302a9761dcf1d9c937c7711174ed74c59eef40a1e4569a05c9de88219",
    "https://deno.land/std@0.204.0/fmt/printf.ts": "b4ca7dc4b2323b2614c7d11b3e6dc80442e5d56c33665cdf9b9de0dabb80f9ec",
    "https://deno.land/std@0.204.0/fs/_util.ts": "fbf57dcdc9f7bc8128d60301eece608246971a7836a3bb1e78da75314f08b978",
    "https://deno.land/std@0.204.0/fs/copy.ts": "ca19e4837965914471df38fbd61e16f9e8adfe89f9cffb0c83615c83ea3fc2bf",
    "https://deno.land/std@0.204.0/fs/empty_dir.ts": "0b4a2508232446eed232ad1243dd4b0f07ac503a281633ae1324d1528df70964",
    "https://deno.land/std@0.204.0/fs/ensure_dir.ts": "dc64c4c75c64721d4e3fb681f1382f803ff3d2868f08563ff923fdd20d071c40",
    "https://deno.land/std@0.204.0/fs/ensure_file.ts": "39ac83cc283a20ec2735e956adf5de3e8a3334e0b6820547b5772f71c49ae083",
    "https://deno.land/std@0.204.0/fs/ensure_link.ts": "c15e69c48556d78aae31b83e0c0ece04b7b8bc0951412f5b759aceb6fde7f0ac",
    "https://deno.land/std@0.204.0/fs/ensure_symlink.ts": "b389c8568f0656d145ac7ece472afe710815cccbb2ebfd19da7978379ae143fe",
    "https://deno.land/std@0.204.0/fs/eol.ts": "f1f2eb348a750c34500741987b21d65607f352cf7205f48f4319d417fff42842",
    "https://deno.land/std@0.204.0/fs/exists.ts": "cb59a853d84871d87acab0e7936a4dac11282957f8e195102c5a7acb42546bb8",
    "https://deno.land/std@0.204.0/fs/expand_glob.ts": "52b8b6f5b1fa585c348250da1c80ce5d820746cb4a75d874b3599646f677d3a7",
    "https://deno.land/std@0.204.0/fs/mod.ts": "bc3d0acd488cc7b42627044caf47d72019846d459279544e1934418955ba4898",
    "https://deno.land/std@0.204.0/fs/move.ts": "b4f8f46730b40c32ea3c0bc8eb0fd0e8139249a698883c7b3756424cf19785c9",
    "https://deno.land/std@0.204.0/fs/walk.ts": "a16146724a6aaf9efdb92023a74e9805195c3469900744ce5de4113b07b29779",
    "https://deno.land/std@0.204.0/io/buffer.ts": "2108faba32659e5a390bb59b1b4578ff0120b185d9310dd6fbf3b3a3d5775715",
    "https://deno.land/std@0.204.0/path/_common/assert_path.ts": "061e4d093d4ba5aebceb2c4da3318bfe3289e868570e9d3a8e327d91c2958946",
    "https://deno.land/std@0.204.0/path/_common/basename.ts": "0d978ff818f339cd3b1d09dc914881f4d15617432ae519c1b8fdc09ff8d3789a",
    "https://deno.land/std@0.204.0/path/_common/common.ts": "9e4233b2eeb50f8b2ae10ecc2108f58583aea6fd3e8907827020282dc2b76143",
    "https://deno.land/std@0.204.0/path/_common/constants.ts": "e49961f6f4f48039c0dfed3c3f93e963ca3d92791c9d478ac5b43183413136e0",
    "https://deno.land/std@0.204.0/path/_common/dirname.ts": "2ba7fb4cc9fafb0f38028f434179579ce61d4d9e51296fad22b701c3d3cd7397",
    "https://deno.land/std@0.204.0/path/_common/format.ts": "11aa62e316dfbf22c126917f5e03ea5fe2ee707386555a8f513d27ad5756cf96",
    "https://deno.land/std@0.204.0/path/_common/from_file_url.ts": "ef1bf3197d2efbf0297a2bdbf3a61d804b18f2bcce45548ae112313ec5be3c22",
    "https://deno.land/std@0.204.0/path/_common/glob_to_reg_exp.ts": "5c3c2b79fc2294ec803d102bd9855c451c150021f452046312819fbb6d4dc156",
    "https://deno.land/std@0.204.0/path/_common/is_glob.ts": "567dce5c6656bdedfc6b3ee6c0833e1e4db2b8dff6e62148e94a917f289c06ad",
    "https://deno.land/std@0.204.0/path/_common/normalize.ts": "2ba7fb4cc9fafb0f38028f434179579ce61d4d9e51296fad22b701c3d3cd7397",
    "https://deno.land/std@0.204.0/path/_common/normalize_string.ts": "88c472f28ae49525f9fe82de8c8816d93442d46a30d6bb5063b07ff8a89ff589",
    "https://deno.land/std@0.204.0/path/_common/relative.ts": "1af19d787a2a84b8c534cc487424fe101f614982ae4851382c978ab2216186b4",
    "https://deno.land/std@0.204.0/path/_common/strip_trailing_separators.ts": "7ffc7c287e97bdeeee31b155828686967f222cd73f9e5780bfe7dfb1b58c6c65",
    "https://deno.land/std@0.204.0/path/_common/to_file_url.ts": "a8cdd1633bc9175b7eebd3613266d7c0b6ae0fb0cff24120b6092ac31662f9ae",
    "https://deno.land/std@0.204.0/path/_interface.ts": "6471159dfbbc357e03882c2266d21ef9afdb1e4aa771b0545e90db58a0ba314b",
    "https://deno.land/std@0.204.0/path/_os.ts": "30b0c2875f360c9296dbe6b7f2d528f0f9c741cecad2e97f803f5219e91b40a2",
    "https://deno.land/std@0.204.0/path/basename.ts": "04bb5ef3e86bba8a35603b8f3b69537112cdd19ce64b77f2522006da2977a5f3",
    "https://deno.land/std@0.204.0/path/common.ts": "f4d061c7d0b95a65c2a1a52439edec393e906b40f1caf4604c389fae7caa80f5",
    "https://deno.land/std@0.204.0/path/dirname.ts": "88a0a71c21debafc4da7a4cd44fd32e899462df458fbca152390887d41c40361",
    "https://deno.land/std@0.204.0/path/extname.ts": "2da4e2490f3b48b7121d19fb4c91681a5e11bd6bd99df4f6f47d7a71bb6ecdf2",
    "https://deno.land/std@0.204.0/path/format.ts": "3457530cc85d1b4bab175f9ae73998b34fd456c830d01883169af0681b8894fb",
    "https://deno.land/std@0.204.0/path/from_file_url.ts": "e7fa233ea1dff9641e8d566153a24d95010110185a6f418dd2e32320926043f8",
    "https://deno.land/std@0.204.0/path/glob.ts": "9c77cf47db1d786e2ebf66670824d03fd84ecc7c807cac24441eb9d5cb6a2986",
    "https://deno.land/std@0.204.0/path/is_absolute.ts": "67232b41b860571c5b7537f4954c88d86ae2ba45e883ee37d3dec27b74909d13",
    "https://deno.land/std@0.204.0/path/join.ts": "98d3d76c819af4a11a81d5ba2dbb319f1ce9d63fc2b615597d4bcfddd4a89a09",
    "https://deno.land/std@0.204.0/path/mod.ts": "2d62a0a8b78a60e8e6f485d881bac6b61d58573b11cf585fb7c8fc50d9b20d80",
    "https://deno.land/std@0.204.0/path/normalize.ts": "aa95be9a92c7bd4f9dc0ba51e942a1973e2b93d266cd74f5ca751c136d520b66",
    "https://deno.land/std@0.204.0/path/parse.ts": "d87ff0deef3fb495bc0d862278ff96da5a06acf0625ca27769fc52ac0d3d6ece",
    "https://deno.land/std@0.204.0/path/posix/_util.ts": "ecf49560fedd7dd376c6156cc5565cad97c1abe9824f4417adebc7acc36c93e5",
    "https://deno.land/std@0.204.0/path/posix/basename.ts": "a630aeb8fd8e27356b1823b9dedd505e30085015407caa3396332752f6b8406a",
    "https://deno.land/std@0.204.0/path/posix/common.ts": "e781d395dc76f6282e3f7dd8de13194abb8b04a82d109593141abc6e95755c8b",
    "https://deno.land/std@0.204.0/path/posix/dirname.ts": "f48c9c42cc670803b505478b7ef162c7cfa9d8e751b59d278b2ec59470531472",
    "https://deno.land/std@0.204.0/path/posix/extname.ts": "ee7f6571a9c0a37f9218fbf510c440d1685a7c13082c348d701396cc795e0be0",
    "https://deno.land/std@0.204.0/path/posix/format.ts": "b94876f77e61bfe1f147d5ccb46a920636cd3cef8be43df330f0052b03875968",
    "https://deno.land/std@0.204.0/path/posix/from_file_url.ts": "b97287a83e6407ac27bdf3ab621db3fccbf1c27df0a1b1f20e1e1b5acf38a379",
    "https://deno.land/std@0.204.0/path/posix/glob.ts": "86c3f06d1c98303613c74650961c3e24bdb871cde2a97c3ae7f0f6d4abbef445",
    "https://deno.land/std@0.204.0/path/posix/is_absolute.ts": "159900a3422d11069d48395568217eb7fc105ceda2683d03d9b7c0f0769e01b8",
    "https://deno.land/std@0.204.0/path/posix/join.ts": "0c0d84bdc344876930126640011ec1b888e6facf74153ffad9ef26813aa2a076",
    "https://deno.land/std@0.204.0/path/posix/mod.ts": "6bfa8a42d85345b12dbe8571028ca2c62d460b6ef968125e498602b43b6cf6b6",
    "https://deno.land/std@0.204.0/path/posix/normalize.ts": "11de90a94ab7148cc46e5a288f7d732aade1d616bc8c862f5560fa18ff987b4b",
    "https://deno.land/std@0.204.0/path/posix/parse.ts": "199208f373dd93a792e9c585352bfc73a6293411bed6da6d3bc4f4ef90b04c8e",
    "https://deno.land/std@0.204.0/path/posix/relative.ts": "e2f230608b0f083e6deaa06e063943e5accb3320c28aef8d87528fbb7fe6504c",
    "https://deno.land/std@0.204.0/path/posix/resolve.ts": "51579d83159d5c719518c9ae50812a63959bbcb7561d79acbdb2c3682236e285",
    "https://deno.land/std@0.204.0/path/posix/separator.ts": "0b6573b5f3269a3164d8edc9cefc33a02dd51003731c561008c8bb60220ebac1",
    "https://deno.land/std@0.204.0/path/posix/to_file_url.ts": "08d43ea839ee75e9b8b1538376cfe95911070a655cd312bc9a00f88ef14967b6",
    "https://deno.land/std@0.204.0/path/posix/to_namespaced_path.ts": "c9228a0e74fd37e76622cd7b142b8416663a9b87db643302fa0926b5a5c83bdc",
    "https://deno.land/std@0.204.0/path/relative.ts": "23d45ede8b7ac464a8299663a43488aad6b561414e7cbbe4790775590db6349c",
    "https://deno.land/std@0.204.0/path/resolve.ts": "5b184efc87155a0af9fa305ff68a109e28de9aee81fc3e77cd01380f19daf867",
    "https://deno.land/std@0.204.0/path/separator.ts": "40a3e9a4ad10bef23bc2cd6c610291b6c502a06237c2c4cd034a15ca78dedc1f",
    "https://deno.land/std@0.204.0/path/to_file_url.ts": "edaafa089e0bce386e1b2d47afe7c72e379ff93b28a5829a5885e4b6c626d864",
    "https://deno.land/std@0.204.0/path/to_namespaced_path.ts": "cf8734848aac3c7527d1689d2adf82132b1618eff3cc523a775068847416b22a",
    "https://deno.land/std@0.204.0/path/windows/_util.ts": "f32b9444554c8863b9b4814025c700492a2b57ff2369d015360970a1b1099d54",
    "https://deno.land/std@0.204.0/path/windows/basename.ts": "8a9dbf7353d50afbc5b221af36c02a72c2d1b2b5b9f7c65bf6a5a2a0baf88ad3",
    "https://deno.land/std@0.204.0/path/windows/common.ts": "e781d395dc76f6282e3f7dd8de13194abb8b04a82d109593141abc6e95755c8b",
    "https://deno.land/std@0.204.0/path/windows/dirname.ts": "5c2aa541384bf0bd9aca821275d2a8690e8238fa846198ef5c7515ce31a01a94",
    "https://deno.land/std@0.204.0/path/windows/extname.ts": "07f4fa1b40d06a827446b3e3bcc8d619c5546b079b8ed0c77040bbef716c7614",
    "https://deno.land/std@0.204.0/path/windows/format.ts": "343019130d78f172a5c49fdc7e64686a7faf41553268961e7b6c92a6d6548edf",
    "https://deno.land/std@0.204.0/path/windows/from_file_url.ts": "d53335c12b0725893d768be3ac6bf0112cc5b639d2deb0171b35988493b46199",
    "https://deno.land/std@0.204.0/path/windows/glob.ts": "0286fb89ecd21db5cbf3b6c79e2b87c889b03f1311e66fb769e6b905d4142332",
    "https://deno.land/std@0.204.0/path/windows/is_absolute.ts": "245b56b5f355ede8664bd7f080c910a97e2169972d23075554ae14d73722c53c",
    "https://deno.land/std@0.204.0/path/windows/join.ts": "e6600bf88edeeef4e2276e155b8de1d5dec0435fd526ba2dc4d37986b2882f16",
    "https://deno.land/std@0.204.0/path/windows/mod.ts": "c3d1a36fbf9f6db1320bcb4fbda8de011d25461be3497105e15cbea1e3726198",
    "https://deno.land/std@0.204.0/path/windows/normalize.ts": "9deebbf40c81ef540b7b945d4ccd7a6a2c5a5992f791e6d3377043031e164e69",
    "https://deno.land/std@0.204.0/path/windows/parse.ts": "120faf778fe1f22056f33ded069b68e12447668fcfa19540c0129561428d3ae5",
    "https://deno.land/std@0.204.0/path/windows/relative.ts": "026855cd2c36c8f28f1df3c6fbd8f2449a2aa21f48797a74700c5d872b86d649",
    "https://deno.land/std@0.204.0/path/windows/resolve.ts": "5ff441ab18a2346abadf778121128ee71bda4d0898513d4639a6ca04edca366b",
    "https://deno.land/std@0.204.0/path/windows/separator.ts": "ae21f27015f10510ed1ac4a0ba9c4c9c967cbdd9d9e776a3e4967553c397bd5d",
    "https://deno.land/std@0.204.0/path/windows/to_file_url.ts": "8e9ea9e1ff364aa06fa72999204229952d0a279dbb876b7b838b2b2fea55cce3",
    "https://deno.land/std@0.204.0/path/windows/to_namespaced_path.ts": "e0f4d4a5e77f28a5708c1a33ff24360f35637ba6d8f103d19661255ef7bfd50d",
    "https://deno.land/std@0.204.0/streams/_common.ts": "3b2c1f0287ce2ad51fff4091a7d0f48375c85b0ec341468e76d5ac13bb0014dd",
    "https://deno.land/std@0.204.0/streams/buffer.ts": "6cd773d22cf21bb988a98cc551b5abfc4c3b03516f93eaa3fb6f2f6e16032deb",
    "https://deno.land/std@0.204.0/streams/byte_slice_stream.ts": "c46d7c74836fc8c1a9acd9fe211cbe1bbaaee1b36087c834fb03af4991135c3a",
    "https://deno.land/std@0.204.0/streams/copy.ts": "bbd406bd9a71034a412c05bb0fd8b7964cc7f2e2ad0f0a1cc0463cdc816d540b",
    "https://deno.land/std@0.204.0/streams/delimiter_stream.ts": "ea793d21bfaae27163f0b50d26298a2ad543803283aeaff082df50dd9c08614f",
    "https://deno.land/std@0.204.0/streams/early_zip_readable_streams.ts": "4005fa74162b943f79899e5d7cb96adcbc0a6b867f9144974ed12d30e0a556e1",
    "https://deno.land/std@0.204.0/streams/iterate_reader.ts": "3b42d3056c8ccade561f1c7ac22d5e671e745933d9f9168fd3b5913588d911c3",
    "https://deno.land/std@0.204.0/streams/limited_bytes_transform_stream.ts": "05dc592ffaab83257494d22dd53917e56243c26e5e3129b3f13ddbbbc4785048",
    "https://deno.land/std@0.204.0/streams/limited_transform_stream.ts": "d69ab790232c1b86f53621ad41ef03c235f2abb4b7a1cd51960ad6e12ee55e38",
    "https://deno.land/std@0.204.0/streams/merge_readable_streams.ts": "6ec024e26e118a7c7cc5b2a0c062ace693b7d38bbcda5707975ccad423940f1b",
    "https://deno.land/std@0.204.0/streams/mod.ts": "e133c271474f1e9dc19f5c4959406f5c2101540c56a3e7d7abc6bdb7bcef807e",
    "https://deno.land/std@0.204.0/streams/read_all.ts": "3b20a50af87d1bfebefa9c2dbda49e2b214d8ab0382ffdcc8ce858af80a912be",
    "https://deno.land/std@0.204.0/streams/readable_stream_from_reader.ts": "c4078b6fd4832748f979cb211facf483c82a840f3c0d88752f46d4dcddb3110a",
    "https://deno.land/std@0.204.0/streams/reader_from_iterable.ts": "91d578a6c75e443654a75580a67cf3af1eeb4b186fa0b309f35b49c9c53be2b7",
    "https://deno.land/std@0.204.0/streams/reader_from_stream_reader.ts": "53dfdb6c608005eb9e0610a9f9cbc51c66f34a519363f1abd4e8a09ab4ad8f9e",
    "https://deno.land/std@0.204.0/streams/text_delimiter_stream.ts": "f0dc8ff953a8a77f0d1fa8db1fee62de817f36e20d79b00b1362847e30fbdd90",
    "https://deno.land/std@0.204.0/streams/text_line_stream.ts": "0f2c4b33a5fdb2476f2e060974cba1347cefe99a4af33c28a57524b1a34750fa",
    "https://deno.land/std@0.204.0/streams/to_array_buffer.ts": "de5803ef98cf2bfd8eeaaa17ae4f4d0364377bd6f6e425110e7010c1cb48196b",
    "https://deno.land/std@0.204.0/streams/to_blob.ts": "4cf929b3ffe5d4dbe445d572246159ee2eebf69e998a0ba867b9048fb6e92797",
    "https://deno.land/std@0.204.0/streams/to_json.ts": "10635fac9826392bb8e70bc8354d3beb1058fa1676aa9b6f98257a0d5575f520",
    "https://deno.land/std@0.204.0/streams/to_text.ts": "4018b5f7a0e7ab28d6957c239e401f8b534ef326b7ebd282ca76b3cd55380aab",
    "https://deno.land/std@0.204.0/streams/to_transform_stream.ts": "50af06140c414090df8c3879f46bed4043a5d73caa60352c0c9682a88ec7a8c9",
    "https://deno.land/std@0.204.0/streams/writable_stream_from_writer.ts": "b5ee3ef4d5be0b3214cddf0f87e804a6a31b9a5632c96277912e7543eaec9f40",
    "https://deno.land/std@0.204.0/streams/write_all.ts": "4cdd36256f892fe7aead46338054f6ea813a63765e87bda4c60e8c5a57d1c5c1",
    "https://deno.land/std@0.204.0/streams/writer_from_stream_writer.ts": "7188ce589d6179693b488b478c05137d4d15b93735ca26ec01e6e44aed8cb0c6",
    "https://deno.land/std@0.204.0/streams/zip_readable_streams.ts": "721c5bce8862c8225e60995b2d61c7b1b1d5b5178b60d303a01f453d5c26bb62",
    "https://deno.land/x/async@v2.0.2/notify.ts": "3127ab5835c97527fdf978a5ec5844d71a2fd62a75988db6f175aac6f61259d0",
    "https://deno.land/x/async@v2.0.2/semaphore.ts": "16aca813bc0f9ffed4eb15134271fb677407a6245d1f803294219a607940d636",
    "https://deno.land/x/denops_core@v5.0.0/denops.ts": "ffc9c6dcf873d806ae6e426661dc86d6c27f3faabaf19eea336254ee57b554cc",
    "https://deno.land/x/denops_core@v5.0.0/mod.ts": "abc31bf739a30a8cf07d54a56b7c5d5efb8105bf9dd4d6dae4866649985bc035",
    "https://deno.land/x/denops_std@v5.0.0/autocmd/common.ts": "73ad29a363948871aba4cc2e5661bef5145e671b953d3f9815d4f56efc4c70a0",
    "https://deno.land/x/denops_std@v5.0.0/autocmd/group.ts": "d55d1657aa51517ddad9e3516570f6cdb5b86020f5b6796c22b0e23375e33d2f",
    "https://deno.land/x/denops_std@v5.0.0/autocmd/mod.ts": "a3fbf1c1b2bd5a7f95a3bc94e6df909b291376d657bc35272b52ad3e2728ec8a",
    "https://deno.land/x/denops_std@v5.0.0/autocmd/types.ts": "485f918030b3d28c86052dcf7822f6bbeaa95119db1f0d7632af54b1c087f53c",
    "https://deno.land/x/denops_std@v5.0.0/autocmd/utils.ts": "f0238f60cf80acb14c8aaa89b25454714f3f627b1f8c94ca8197e906ff753f3f",
    "https://deno.land/x/denops_std@v5.0.0/batch/batch.ts": "6ae455674810813826114a770b66ccfc46dc3c6cdeb4b23a55a820a52c972e9b",
    "https://deno.land/x/denops_std@v5.0.0/batch/collect.ts": "725a88cd23c784dbca2808e9981e17f44b783195fd2cd8feb4ba59f6c5174b87",
    "https://deno.land/x/denops_std@v5.0.0/batch/mod.ts": "d0d2750a9fff0872b001de47a77e4ed08f5142fdc219d9ba6cf3444d393d732a",
    "https://deno.land/x/denops_std@v5.0.0/buffer/buffer.ts": "6b9003090162124e7618d46babffab171c573782dc1b08ddd452746b8ce38bc0",
    "https://deno.land/x/denops_std@v5.0.0/buffer/decoration.ts": "cdf0b077384f923fe1107dc7991d73692e483aca3f749edf28094399d0b7609c",
    "https://deno.land/x/denops_std@v5.0.0/buffer/fileencoding.ts": "3d81249ee2f2d46a0457123393816249f01852f644a393d558d71aca46fd9f49",
    "https://deno.land/x/denops_std@v5.0.0/buffer/fileformat.ts": "d392deb99496c299c918a9c306231ae3b93836bf17727869eb3173ceba581f66",
    "https://deno.land/x/denops_std@v5.0.0/buffer/mod.ts": "c9dd4556ffa5e46852f71aae235202771ea630a6c71e28418e9e5d8aa6fecbe3",
    "https://deno.land/x/denops_std@v5.0.0/function/_generated.ts": "f9ec2bf72d98e6070afffedf4aa3e11decb6d611da2431859b0b4af3dcc10d3a",
    "https://deno.land/x/denops_std@v5.0.0/function/_manual.ts": "a26da7f6d5cae879eac8ebb925cf86943ef49644fe99878c69c6917697672ea7",
    "https://deno.land/x/denops_std@v5.0.0/function/buffer.ts": "b84bc924eadd1085a0bd68dd45ad794fd8eb7aad314a7697e3339dfc6cbaaed6",
    "https://deno.land/x/denops_std@v5.0.0/function/common.ts": "7511002d713c8c064d8e1d87f381f94292bf6963c0b866a51c510ad57af8f698",
    "https://deno.land/x/denops_std@v5.0.0/function/cursor.ts": "18bc8ed07666f6769c89ef9bcf8009719f16f0ad03b7a27c6bb18bc09362030e",
    "https://deno.land/x/denops_std@v5.0.0/function/getreginfo.ts": "ca7f16ff2f3e4644dd03b55ae233fd01247aa8418dbfe042bc91fe70eebd1bab",
    "https://deno.land/x/denops_std@v5.0.0/function/input.ts": "ff24065c05291bd5dce2a3a1b92291a97d3ef5b05e9d135a54b07d7c45b33374",
    "https://deno.land/x/denops_std@v5.0.0/function/mod.ts": "714b13733ab9a1a4cb77220dafe27ee5edabe00c000ab79f8ab030a5c8440788",
    "https://deno.land/x/denops_std@v5.0.0/function/nvim/_generated.ts": "8ef0481c72ece0804df90f30250e411f0427f7b04a1bcb591724c277e0d33d59",
    "https://deno.land/x/denops_std@v5.0.0/function/nvim/_manual.ts": "e3b0c44298fc1c149afbf4c8996fb92427ae41e4649b934ca495991b7852b855",
    "https://deno.land/x/denops_std@v5.0.0/function/nvim/mod.ts": "807bbfad635489bcf442657a1d619bcad69dee9998f611fb295add7570500841",
    "https://deno.land/x/denops_std@v5.0.0/function/types.ts": "182b31a01540b65ef132f5743ff0c5141b577a5e0a95e5479b8745905763a434",
    "https://deno.land/x/denops_std@v5.0.0/function/various.ts": "442cfb107e1ff881b0772276feba59d60504f3776dd03d47b039acac2e07ed3d",
    "https://deno.land/x/denops_std@v5.0.0/function/vim/_generated.ts": "023c9cb75e6f1ebdae2ca6718ac21c9bc819d61fb86abebef83bf68f99c20721",
    "https://deno.land/x/denops_std@v5.0.0/function/vim/_manual.ts": "ec0603d2ea8ee14e4386419a97cc7d74531b7b14bd5aa7192476072acee49e79",
    "https://deno.land/x/denops_std@v5.0.0/function/vim/mod.ts": "619d5f95a9cd3660984834533a9e2a74c93d067797ecf26c3f5e597010495834",
    "https://deno.land/x/denops_std@v5.0.0/function/vim/prop_add_list.ts": "4895c5d5743fbfbb879827e11f3bd720a01515b38c9f95d407622d569945041a",
    "https://deno.land/x/denops_std@v5.0.0/helper/echo.ts": "9bacbbb69a87817554dacf716e95f6aeb058fdfff0a80e2dbba5d76706809df4",
    "https://deno.land/x/denops_std@v5.0.0/helper/execute.ts": "4534e956ab1e4e160358cef64627e0877071f219b72d447c9314ce5d505f4412",
    "https://deno.land/x/denops_std@v5.0.0/helper/input.ts": "eb4084690090882310babf9c75d655e7ab25ab44c4b36a16c5c3d9a7d64cfffa",
    "https://deno.land/x/denops_std@v5.0.0/helper/load.ts": "2951dd406b59aae609d20ed6a6723f07a5fa770341fe5042fe1f3d2f60f86bef",
    "https://deno.land/x/denops_std@v5.0.0/helper/mod.ts": "4f008bc1bfdb89129b493c49be1996c9aa7902ad0a862675a7884d4d6c255c8f",
    "https://deno.land/x/denops_std@v5.0.0/lambda/mod.ts": "72ed7e5109cd008403a63065025eba9a9bb184e5feda6517642f49478c2c6121",
    "https://deno.land/x/denops_std@v5.0.0/mapping/mod.ts": "b51358566055c74a41fdbdb0caa7b51cb5f86b20ea34fce8852f3cdbe6791a5e",
    "https://deno.land/x/denops_std@v5.0.0/mapping/parser.ts": "3b5366fec575eebb5ee3eee95781210a161ef7df8580a1d25edf99bbb46d6929",
    "https://deno.land/x/denops_std@v5.0.0/mapping/types.ts": "d23935756ee4d50539734be2bc030b25879c67e7f37e1f32d43ec571ab819f0f",
    "https://deno.land/x/denops_std@v5.0.0/mod.ts": "b0a68b416fd320ac977e8e1a5fcddecb02924d2bb5c1dd2843a789d533d173b2",
    "https://deno.land/x/denops_std@v5.0.0/option/_generated.ts": "4e4e97f0c5327576cbffea155ac9224ce54533ee34ac7836c27d5dfd2a8f6eb0",
    "https://deno.land/x/denops_std@v5.0.0/option/_manual.ts": "e3b0c44298fc1c149afbf4c8996fb92427ae41e4649b934ca495991b7852b855",
    "https://deno.land/x/denops_std@v5.0.0/option/mod.ts": "d1c79cd2733c3efc2d3b89f51cfe8d71f2567af066d0c0e27fa3d0731e3d7c96",
    "https://deno.land/x/denops_std@v5.0.0/util.ts": "ded8c5790c4cb6082d27596ff0958291d795695ec6323113dec5c1985b5ebb46",
    "https://deno.land/x/denops_std@v5.0.0/variable/environment.ts": "59c5f8645f2b652e7c0423026b8d49358a6d66dce0a65f2b16cae95c40a1929b",
    "https://deno.land/x/denops_std@v5.0.0/variable/mod.ts": "b247a9153211f1fd1eaaadf35efc3b0f7dd16ed57eb2a8137419138934a2fec5",
    "https://deno.land/x/denops_std@v5.0.0/variable/option.ts": "134a938b2edf68ce7827644fb254ae665a804239962ceaa0732fbe267fab3fc8",
    "https://deno.land/x/denops_std@v5.0.0/variable/register.ts": "1cf2903c911628be393403455e10eb2cc10b81f80fef7da96a7c37a189120799",
    "https://deno.land/x/denops_std@v5.0.0/variable/types.ts": "187b4245939e264bb24e1865ff272d73183c42fb829500ff79bc6265e8c26a16",
    "https://deno.land/x/denops_std@v5.0.0/variable/variable.ts": "51b3c62e102dafb494aeceaca998780b3cd0c02524f9f98dc1ddc1963ff87a32",
    "https://deno.land/x/denops_std@v5.0.1/autocmd/common.ts": "73ad29a363948871aba4cc2e5661bef5145e671b953d3f9815d4f56efc4c70a0",
    "https://deno.land/x/denops_std@v5.0.1/autocmd/group.ts": "d55d1657aa51517ddad9e3516570f6cdb5b86020f5b6796c22b0e23375e33d2f",
    "https://deno.land/x/denops_std@v5.0.1/autocmd/mod.ts": "a3fbf1c1b2bd5a7f95a3bc94e6df909b291376d657bc35272b52ad3e2728ec8a",
    "https://deno.land/x/denops_std@v5.0.1/autocmd/types.ts": "485f918030b3d28c86052dcf7822f6bbeaa95119db1f0d7632af54b1c087f53c",
    "https://deno.land/x/denops_std@v5.0.1/autocmd/utils.ts": "f0238f60cf80acb14c8aaa89b25454714f3f627b1f8c94ca8197e906ff753f3f",
    "https://deno.land/x/denops_std@v5.0.1/batch/batch.ts": "6ae455674810813826114a770b66ccfc46dc3c6cdeb4b23a55a820a52c972e9b",
    "https://deno.land/x/denops_std@v5.0.1/batch/collect.ts": "725a88cd23c784dbca2808e9981e17f44b783195fd2cd8feb4ba59f6c5174b87",
    "https://deno.land/x/denops_std@v5.0.1/batch/mod.ts": "d0d2750a9fff0872b001de47a77e4ed08f5142fdc219d9ba6cf3444d393d732a",
    "https://deno.land/x/denops_std@v5.0.1/buffer/buffer.ts": "6b9003090162124e7618d46babffab171c573782dc1b08ddd452746b8ce38bc0",
    "https://deno.land/x/denops_std@v5.0.1/buffer/decoration.ts": "cdf0b077384f923fe1107dc7991d73692e483aca3f749edf28094399d0b7609c",
    "https://deno.land/x/denops_std@v5.0.1/buffer/fileencoding.ts": "3d81249ee2f2d46a0457123393816249f01852f644a393d558d71aca46fd9f49",
    "https://deno.land/x/denops_std@v5.0.1/buffer/fileformat.ts": "24ab17b14362cf6f3e15aed30b2b91f418a3d0bf9da4fa7386ea3855e0e8515e",
    "https://deno.land/x/denops_std@v5.0.1/buffer/mod.ts": "c9dd4556ffa5e46852f71aae235202771ea630a6c71e28418e9e5d8aa6fecbe3",
    "https://deno.land/x/denops_std@v5.0.1/function/_generated.ts": "f9ec2bf72d98e6070afffedf4aa3e11decb6d611da2431859b0b4af3dcc10d3a",
    "https://deno.land/x/denops_std@v5.0.1/function/_manual.ts": "a26da7f6d5cae879eac8ebb925cf86943ef49644fe99878c69c6917697672ea7",
    "https://deno.land/x/denops_std@v5.0.1/function/buffer.ts": "b84bc924eadd1085a0bd68dd45ad794fd8eb7aad314a7697e3339dfc6cbaaed6",
    "https://deno.land/x/denops_std@v5.0.1/function/common.ts": "7511002d713c8c064d8e1d87f381f94292bf6963c0b866a51c510ad57af8f698",
    "https://deno.land/x/denops_std@v5.0.1/function/cursor.ts": "18bc8ed07666f6769c89ef9bcf8009719f16f0ad03b7a27c6bb18bc09362030e",
    "https://deno.land/x/denops_std@v5.0.1/function/getreginfo.ts": "e7681b194984183bbfcf4ae6c51cec74fcbb7e3de0a54a27cebbd56997801628",
    "https://deno.land/x/denops_std@v5.0.1/function/input.ts": "ff24065c05291bd5dce2a3a1b92291a97d3ef5b05e9d135a54b07d7c45b33374",
    "https://deno.land/x/denops_std@v5.0.1/function/mod.ts": "714b13733ab9a1a4cb77220dafe27ee5edabe00c000ab79f8ab030a5c8440788",
    "https://deno.land/x/denops_std@v5.0.1/function/nvim/_generated.ts": "8ef0481c72ece0804df90f30250e411f0427f7b04a1bcb591724c277e0d33d59",
    "https://deno.land/x/denops_std@v5.0.1/function/nvim/_manual.ts": "e3b0c44298fc1c149afbf4c8996fb92427ae41e4649b934ca495991b7852b855",
    "https://deno.land/x/denops_std@v5.0.1/function/nvim/mod.ts": "807bbfad635489bcf442657a1d619bcad69dee9998f611fb295add7570500841",
    "https://deno.land/x/denops_std@v5.0.1/function/types.ts": "22774385023f5fcee9fb514a96dffaa2b540df0f39d4bc57cde54363fa67ad27",
    "https://deno.land/x/denops_std@v5.0.1/function/various.ts": "442cfb107e1ff881b0772276feba59d60504f3776dd03d47b039acac2e07ed3d",
    "https://deno.land/x/denops_std@v5.0.1/function/vim/_generated.ts": "023c9cb75e6f1ebdae2ca6718ac21c9bc819d61fb86abebef83bf68f99c20721",
    "https://deno.land/x/denops_std@v5.0.1/function/vim/_manual.ts": "ec0603d2ea8ee14e4386419a97cc7d74531b7b14bd5aa7192476072acee49e79",
    "https://deno.land/x/denops_std@v5.0.1/function/vim/mod.ts": "619d5f95a9cd3660984834533a9e2a74c93d067797ecf26c3f5e597010495834",
    "https://deno.land/x/denops_std@v5.0.1/function/vim/prop_add_list.ts": "4895c5d5743fbfbb879827e11f3bd720a01515b38c9f95d407622d569945041a",
    "https://deno.land/x/denops_std@v5.0.1/helper/echo.ts": "9bacbbb69a87817554dacf716e95f6aeb058fdfff0a80e2dbba5d76706809df4",
    "https://deno.land/x/denops_std@v5.0.1/helper/execute.ts": "4534e956ab1e4e160358cef64627e0877071f219b72d447c9314ce5d505f4412",
    "https://deno.land/x/denops_std@v5.0.1/helper/input.ts": "7ce227ede0d68925644a4622d4d29388b12de1da0e116cb22374189e9d757321",
    "https://deno.land/x/denops_std@v5.0.1/helper/load.ts": "5664eebf706a4b14a401b7bbd430879c9758be543dd67aa9a4892e07ba55bd31",
    "https://deno.land/x/denops_std@v5.0.1/helper/mod.ts": "4f008bc1bfdb89129b493c49be1996c9aa7902ad0a862675a7884d4d6c255c8f",
    "https://deno.land/x/denops_std@v5.0.1/lambda/mod.ts": "72ed7e5109cd008403a63065025eba9a9bb184e5feda6517642f49478c2c6121",
    "https://deno.land/x/denops_std@v5.0.1/mod.ts": "57510a478ef0d2dfd83de4fac065a5bf6997945322bd625000fcf737630efebc",
    "https://deno.land/x/denops_std@v5.0.1/option/_generated.ts": "4e4e97f0c5327576cbffea155ac9224ce54533ee34ac7836c27d5dfd2a8f6eb0",
    "https://deno.land/x/denops_std@v5.0.1/option/_manual.ts": "e3b0c44298fc1c149afbf4c8996fb92427ae41e4649b934ca495991b7852b855",
    "https://deno.land/x/denops_std@v5.0.1/option/mod.ts": "d1c79cd2733c3efc2d3b89f51cfe8d71f2567af066d0c0e27fa3d0731e3d7c96",
    "https://deno.land/x/denops_std@v5.0.1/util.ts": "ded8c5790c4cb6082d27596ff0958291d795695ec6323113dec5c1985b5ebb46",
    "https://deno.land/x/denops_std@v5.0.1/variable/environment.ts": "59c5f8645f2b652e7c0423026b8d49358a6d66dce0a65f2b16cae95c40a1929b",
    "https://deno.land/x/denops_std@v5.0.1/variable/mod.ts": "b247a9153211f1fd1eaaadf35efc3b0f7dd16ed57eb2a8137419138934a2fec5",
    "https://deno.land/x/denops_std@v5.0.1/variable/option.ts": "134a938b2edf68ce7827644fb254ae665a804239962ceaa0732fbe267fab3fc8",
    "https://deno.land/x/denops_std@v5.0.1/variable/register.ts": "1cf2903c911628be393403455e10eb2cc10b81f80fef7da96a7c37a189120799",
    "https://deno.land/x/denops_std@v5.0.1/variable/types.ts": "187b4245939e264bb24e1865ff272d73183c42fb829500ff79bc6265e8c26a16",
    "https://deno.land/x/denops_std@v5.0.1/variable/variable.ts": "51b3c62e102dafb494aeceaca998780b3cd0c02524f9f98dc1ddc1963ff87a32",
    "https://deno.land/x/dvpm@1.0.0/dvpm.ts": "256f5636d7653d20f26636a4cc100864300def70ea6d1c84d34aa0216e752b43",
    "https://deno.land/x/dvpm@1.0.0/git.ts": "4b510b937c90a70c8c3340a4e370fe5fea0d2ee4ee14b9c65080b2f8fd861997",
    "https://deno.land/x/dvpm@1.0.0/mod.ts": "7723b5bf4f383ab511a7bbff9baf62da4eb3a001375d31594cffa396c7429d93",
    "https://deno.land/x/dvpm@1.0.0/plugin.ts": "cc4e1637fdc24eb7fa6f6038428f9ef0a46ff9eaad0fca16e6909c7efc89e5ce",
    "https://deno.land/x/dvpm@1.0.0/util.ts": "53ce4cd5799866de80569f19b3a1855c7d3255be5d3d56995c94f08671fcbcee",
    "https://deno.land/x/dvpm@3.5.3/dvpm.ts": "90be7fb54e74d9b5149ccbfc501640723ce947e9b927321d50a801a0e5dab9e2",
    "https://deno.land/x/dvpm@3.5.3/git.ts": "0031271713c81bb224df5a294270cb4a3096ec86f5a8302a4ea3a7f7f06cf814",
    "https://deno.land/x/dvpm@3.5.3/mod.ts": "574222cc7e23cffe8c3d8e63fa391d34f39226bdad44049ed3f3eda68c707b78",
    "https://deno.land/x/dvpm@3.5.3/plugin.ts": "d598fe851139a4573a194f72f4e73bd3e88a7a9fb476989089add4b91030227b",
    "https://deno.land/x/dvpm@3.5.3/util.ts": "0e295937ea8ae2270826db16ac6948e0ccc810a60275cff6d9fae62d3b7e51b2",
    "https://deno.land/x/itertools@v1.1.1/builtins.ts": "8162bfe991ec70ef06e3f337395ca28948072add021e048cc9e7fb1c51b4b201",
    "https://deno.land/x/itertools@v1.1.1/custom.ts": "f89f6e9c08de0e19869984f9cd50f2655c7fbf24bba6029f28e2fcf3df871eb6",
    "https://deno.land/x/itertools@v1.1.1/itertools.ts": "e6819a5e7a657111cca525bc2afb41562d824c064a83094ce1b6e27373613169",
    "https://deno.land/x/itertools@v1.1.1/mod.ts": "a10331e9018a2d405d5a180822f812eacf4cf43ba23a4e8eb52d107f84936d52",
    "https://deno.land/x/itertools@v1.1.1/more-itertools.ts": "488dfd9d71a16f234584994c0812f639e4c17b1b557a4e71cf39f7d69a700469",
    "https://deno.land/x/itertools@v1.1.1/utils.ts": "6ef37b728b733a8b30e241cbc6992329d54579c27e24b9f225b90a622fd00656",
    "https://deno.land/x/unknownutil@v2.1.1/assert.ts": "33ac165c3917129a66f29a7098c0d56d8be290cc271afd0152705b97c770892d",
    "https://deno.land/x/unknownutil@v2.1.1/ensure.ts": "c7878930c8bd341e88c4f1fc742e98fe5e8451f5b9bac21fae2d085914d95827",
    "https://deno.land/x/unknownutil@v2.1.1/is.ts": "32ef707359264c5baf97725ceb13f87ef34e73b50eb199d76034742bec21f2a2",
    "https://deno.land/x/unknownutil@v2.1.1/maybe.ts": "260f159636893d2d0e08814151a0b19b3bc0e7fa8b423bdf2b64aa664a4ee735",
    "https://deno.land/x/unknownutil@v2.1.1/mod.ts": "ccd4f6ba067ac766da0533f13a018a6734c042a9484115fa49c7face17e8501d",
    "https://deno.land/x/unknownutil@v3.0.0/is.ts": "e2c84f5043a7db7425388820a92c065da61378209ea38435fca4975f85610454",
    "https://deno.land/x/unknownutil@v3.0.0/mod.ts#^": "50f0bdb70664c65b2954d4b9bb0f95f9bb4c77c4469331fda2475a4ffbb51a15",
    "https://deno.land/x/unknownutil@v3.0.0/util.ts": "5d50435cb2ebfc8b1e49c571c5bcdcf9694e87f99aa51b670baf47f58e0e9248",
    "https://deno.land/x/unknownutil@v3.10.0/inspect.ts": "33e61bdfed94cd586d66600813b528fa93046a2802d8144277b92f0fa5e5f10e",
    "https://deno.land/x/unknownutil@v3.10.0/is.ts": "957784493b678a8905728c0998577443db3c66b4c8f9eaad56e6dc97167d2d0d",
    "https://deno.land/x/unknownutil@v3.10.0/mod.ts": "50f0bdb70664c65b2954d4b9bb0f95f9bb4c77c4469331fda2475a4ffbb51a15",
    "https://deno.land/x/unknownutil@v3.10.0/util.ts": "5c9b52ef699e569ccec9d4c33148545bf5328c6a5e2f6f56f651ce6bdd44eb1e",
    "https://deno.land/x/unreachable@v0.1.0/mod.ts": "95a2ac02cbc97e9af486b6309d4bdf9507fb1dec540852c99aeef304014a2109",
    "https://esm.sh/result-type-ts@2.1.3/": "c25c1f0922428ecbb86d90f05cf23c423ca9bc02baffed19a137feaead2b4fe1",
    "https://esm.sh/simple-git@3.19.0": "80a876e052d52aac929d3062e5985f29b04a275319761d98d924da4679aa3d0e",
    "https://esm.sh/v133/@kwsites/file-exists@1.1.1/denonext/file-exists.mjs": "b39c15b00bd2c850ae01ab9fd2bcfbacf5725887e7fab09c811e2e3c810ecbde",
    "https://esm.sh/v133/@kwsites/promise-deferred@1.1.1/denonext/promise-deferred.mjs": "5381e8a58b7101dda78b9f256fe121583ff47cadd07da60d9ec08f0fbc0a1fff",
    "https://esm.sh/v133/debug@4.3.4/denonext/debug.mjs": "6c08567cef8b4d2c79687b2941626da5ca82cf8ddc29943d0718dac76b139e04",
    "https://esm.sh/v133/ms@2.1.2/denonext/ms.mjs": "aa4dc45ba72554c5011168f8910cc646c37af53cfff1a15a4decced838b8eb14",
    "https://esm.sh/v133/result-type-ts@2.1.3/denonext/result-type-ts.mjs": "31f3f97395b62e9247d953f30bbadfb8f14150db5c35f5fc5a45f3253eb75995",
    "https://esm.sh/v133/simple-git@3.19.0/denonext/simple-git.mjs": "eeb5842982c821fba1cc57a7129790579ae92917ab4c9108903e31981131e35f"
  }
}
